// !$*UTF8*$!
{
	archiveVersion = 1;
	classes = {
	};
	objectVersion = 51;
	objects = {

/* Begin PBXBuildFile section */
		4525E00F2446482900A03A08 /* CustomAnimationDismisser.swift in Sources */ = {isa = PBXBuildFile; fileRef = 4525E00E2446482900A03A08 /* CustomAnimationDismisser.swift */; };
		4525E0122446530700A03A08 /* CommentsController.swift in Sources */ = {isa = PBXBuildFile; fileRef = 4525E0112446530700A03A08 /* CommentsController.swift */; };
		452669EF2432757600CBF55A /* HomeController.swift in Sources */ = {isa = PBXBuildFile; fileRef = 452669EE2432757600CBF55A /* HomeController.swift */; };
		452669F1243276A900CBF55A /* HomePostCell.swift in Sources */ = {isa = PBXBuildFile; fileRef = 452669F0243276A900CBF55A /* HomePostCell.swift */; };
		4551B1CD24461BC1004F21E7 /* PreviewPhotoContainerView.swift in Sources */ = {isa = PBXBuildFile; fileRef = 4551B1CC24461BC1004F21E7 /* PreviewPhotoContainerView.swift */; };
		4551B1CF24463C98004F21E7 /* CustomAnimationPresenter.swift in Sources */ = {isa = PBXBuildFile; fileRef = 4551B1CE24463C98004F21E7 /* CustomAnimationPresenter.swift */; };
		45609D722434D73E00BF50C0 /* UserSearchController.swift in Sources */ = {isa = PBXBuildFile; fileRef = 45609D712434D73E00BF50C0 /* UserSearchController.swift */; };
		45609D742434DAC900BF50C0 /* UserSearchCell.swift in Sources */ = {isa = PBXBuildFile; fileRef = 45609D732434DAC900BF50C0 /* UserSearchCell.swift */; };
		4585BE242446B8AD00ECEB3C /* CommentCell.swift in Sources */ = {isa = PBXBuildFile; fileRef = 4585BE232446B8AD00ECEB3C /* CommentCell.swift */; };
		458C82BD2422C741008AD619 /* GoogleService-Info.plist in Resources */ = {isa = PBXBuildFile; fileRef = 458C82BC2422C741008AD619 /* GoogleService-Info.plist */; };
		4595CD77242D075B001F1AAE /* PhotoSelectorController.swift in Sources */ = {isa = PBXBuildFile; fileRef = 4595CD76242D075B001F1AAE /* PhotoSelectorController.swift */; };
		4595CD79242D4492001F1AAE /* PhotoSelectorCell.swift in Sources */ = {isa = PBXBuildFile; fileRef = 4595CD78242D4492001F1AAE /* PhotoSelectorCell.swift */; };
		4595CD7B242D4D03001F1AAE /* PhotoSelectorHeader.swift in Sources */ = {isa = PBXBuildFile; fileRef = 4595CD7A242D4D03001F1AAE /* PhotoSelectorHeader.swift */; };
		459F0861242526A2007D403B /* MainTabBarController.swift in Sources */ = {isa = PBXBuildFile; fileRef = 459F0860242526A2007D403B /* MainTabBarController.swift */; };
		459F08632425276A007D403B /* UserProfileController.swift in Sources */ = {isa = PBXBuildFile; fileRef = 459F08622425276A007D403B /* UserProfileController.swift */; };
		459F086624253E85007D403B /* UserProfileHeader.swift in Sources */ = {isa = PBXBuildFile; fileRef = 459F086524253E85007D403B /* UserProfileHeader.swift */; };
		45B2A7A8242960E800F072D1 /* LoginController.swift in Sources */ = {isa = PBXBuildFile; fileRef = 45B2A7A7242960E800F072D1 /* LoginController.swift */; };
		45B5CEFB2422795900C757EF /* AppDelegate.swift in Sources */ = {isa = PBXBuildFile; fileRef = 45B5CEFA2422795900C757EF /* AppDelegate.swift */; };
		45B5CEFD2422795900C757EF /* SceneDelegate.swift in Sources */ = {isa = PBXBuildFile; fileRef = 45B5CEFC2422795900C757EF /* SceneDelegate.swift */; };
		45B5CF012422795900C757EF /* Assets.xcassets in Resources */ = {isa = PBXBuildFile; fileRef = 45B5CF002422795900C757EF /* Assets.xcassets */; };
		45B5CF042422795900C757EF /* Preview Assets.xcassets in Resources */ = {isa = PBXBuildFile; fileRef = 45B5CF032422795900C757EF /* Preview Assets.xcassets */; };
		45B5CF072422795900C757EF /* LaunchScreen.storyboard in Resources */ = {isa = PBXBuildFile; fileRef = 45B5CF052422795900C757EF /* LaunchScreen.storyboard */; };
		45B5CF0F24227A8600C757EF /* SignUpController.swift in Sources */ = {isa = PBXBuildFile; fileRef = 45B5CF0E24227A8600C757EF /* SignUpController.swift */; };
		45B5CF122422867900C757EF /* Extensions.swift in Sources */ = {isa = PBXBuildFile; fileRef = 45B5CF112422867900C757EF /* Extensions.swift */; };
		45BD4DA3242F9AD20052223F /* Post.swift in Sources */ = {isa = PBXBuildFile; fileRef = 45BD4DA2242F9AD20052223F /* Post.swift */; };
		45BD4DA5242F9E180052223F /* UserProfilePhotoCell.swift in Sources */ = {isa = PBXBuildFile; fileRef = 45BD4DA4242F9E180052223F /* UserProfilePhotoCell.swift */; };
		45BD4DA7242FA7BA0052223F /* User.swift in Sources */ = {isa = PBXBuildFile; fileRef = 45BD4DA6242FA7BA0052223F /* User.swift */; };
		45BD4DA9242FB42B0052223F /* CustomImageView.swift in Sources */ = {isa = PBXBuildFile; fileRef = 45BD4DA8242FB42B0052223F /* CustomImageView.swift */; };
		45D6F4C9242E4D8F00893585 /* SharePhotoController.swift in Sources */ = {isa = PBXBuildFile; fileRef = 45D6F4C8242E4D8F00893585 /* SharePhotoController.swift */; };
		45DD35532445270600703104 /* CameraController.swift in Sources */ = {isa = PBXBuildFile; fileRef = 45DD35522445270600703104 /* CameraController.swift */; };
		45E498362446C6B3006D89FB /* Comment.swift in Sources */ = {isa = PBXBuildFile; fileRef = 45E498352446C6B3006D89FB /* Comment.swift */; };
		64394D2B3DB66B5FF920EDA3 /* libPods-lbta-instagram-firebase.a in Frameworks */ = {isa = PBXBuildFile; fileRef = 6EA58177D27A47494A531308 /* libPods-lbta-instagram-firebase.a */; };
/* End PBXBuildFile section */

/* Begin PBXFileReference section */
		4525E00E2446482900A03A08 /* CustomAnimationDismisser.swift */ = {isa = PBXFileReference; lastKnownFileType = sourcecode.swift; path = CustomAnimationDismisser.swift; sourceTree = "<group>"; };
		4525E0112446530700A03A08 /* CommentsController.swift */ = {isa = PBXFileReference; lastKnownFileType = sourcecode.swift; path = CommentsController.swift; sourceTree = "<group>"; };
		452669EE2432757600CBF55A /* HomeController.swift */ = {isa = PBXFileReference; lastKnownFileType = sourcecode.swift; path = HomeController.swift; sourceTree = "<group>"; };
		452669F0243276A900CBF55A /* HomePostCell.swift */ = {isa = PBXFileReference; lastKnownFileType = sourcecode.swift; path = HomePostCell.swift; sourceTree = "<group>"; };
		4551B1CC24461BC1004F21E7 /* PreviewPhotoContainerView.swift */ = {isa = PBXFileReference; lastKnownFileType = sourcecode.swift; path = PreviewPhotoContainerView.swift; sourceTree = "<group>"; };
		4551B1CE24463C98004F21E7 /* CustomAnimationPresenter.swift */ = {isa = PBXFileReference; lastKnownFileType = sourcecode.swift; path = CustomAnimationPresenter.swift; sourceTree = "<group>"; };
		45609D712434D73E00BF50C0 /* UserSearchController.swift */ = {isa = PBXFileReference; lastKnownFileType = sourcecode.swift; path = UserSearchController.swift; sourceTree = "<group>"; };
		45609D732434DAC900BF50C0 /* UserSearchCell.swift */ = {isa = PBXFileReference; lastKnownFileType = sourcecode.swift; path = UserSearchCell.swift; sourceTree = "<group>"; };
		4585BE232446B8AD00ECEB3C /* CommentCell.swift */ = {isa = PBXFileReference; lastKnownFileType = sourcecode.swift; path = CommentCell.swift; sourceTree = "<group>"; };
		458C82BC2422C741008AD619 /* GoogleService-Info.plist */ = {isa = PBXFileReference; fileEncoding = 4; lastKnownFileType = text.plist.xml; path = "GoogleService-Info.plist"; sourceTree = "<group>"; };
		4595CD76242D075B001F1AAE /* PhotoSelectorController.swift */ = {isa = PBXFileReference; lastKnownFileType = sourcecode.swift; path = PhotoSelectorController.swift; sourceTree = "<group>"; };
		4595CD78242D4492001F1AAE /* PhotoSelectorCell.swift */ = {isa = PBXFileReference; lastKnownFileType = sourcecode.swift; path = PhotoSelectorCell.swift; sourceTree = "<group>"; };
		4595CD7A242D4D03001F1AAE /* PhotoSelectorHeader.swift */ = {isa = PBXFileReference; lastKnownFileType = sourcecode.swift; path = PhotoSelectorHeader.swift; sourceTree = "<group>"; };
		459F0860242526A2007D403B /* MainTabBarController.swift */ = {isa = PBXFileReference; lastKnownFileType = sourcecode.swift; path = MainTabBarController.swift; sourceTree = "<group>"; };
		459F08622425276A007D403B /* UserProfileController.swift */ = {isa = PBXFileReference; lastKnownFileType = sourcecode.swift; path = UserProfileController.swift; sourceTree = "<group>"; };
		459F086524253E85007D403B /* UserProfileHeader.swift */ = {isa = PBXFileReference; lastKnownFileType = sourcecode.swift; path = UserProfileHeader.swift; sourceTree = "<group>"; };
		45B2A7A7242960E800F072D1 /* LoginController.swift */ = {isa = PBXFileReference; lastKnownFileType = sourcecode.swift; path = LoginController.swift; sourceTree = "<group>"; };
		45B5CEF72422795900C757EF /* InstaClone.app */ = {isa = PBXFileReference; explicitFileType = wrapper.application; includeInIndex = 0; path = InstaClone.app; sourceTree = BUILT_PRODUCTS_DIR; };
		45B5CEFA2422795900C757EF /* AppDelegate.swift */ = {isa = PBXFileReference; lastKnownFileType = sourcecode.swift; path = AppDelegate.swift; sourceTree = "<group>"; };
		45B5CEFC2422795900C757EF /* SceneDelegate.swift */ = {isa = PBXFileReference; lastKnownFileType = sourcecode.swift; path = SceneDelegate.swift; sourceTree = "<group>"; };
		45B5CF002422795900C757EF /* Assets.xcassets */ = {isa = PBXFileReference; lastKnownFileType = folder.assetcatalog; path = Assets.xcassets; sourceTree = "<group>"; };
		45B5CF032422795900C757EF /* Preview Assets.xcassets */ = {isa = PBXFileReference; lastKnownFileType = folder.assetcatalog; path = "Preview Assets.xcassets"; sourceTree = "<group>"; };
		45B5CF062422795900C757EF /* Base */ = {isa = PBXFileReference; lastKnownFileType = file.storyboard; name = Base; path = Base.lproj/LaunchScreen.storyboard; sourceTree = "<group>"; };
		45B5CF082422795900C757EF /* Info.plist */ = {isa = PBXFileReference; lastKnownFileType = text.plist.xml; path = Info.plist; sourceTree = "<group>"; };
		45B5CF0E24227A8600C757EF /* SignUpController.swift */ = {isa = PBXFileReference; lastKnownFileType = sourcecode.swift; path = SignUpController.swift; sourceTree = "<group>"; };
		45B5CF112422867900C757EF /* Extensions.swift */ = {isa = PBXFileReference; lastKnownFileType = sourcecode.swift; path = Extensions.swift; sourceTree = "<group>"; };
		45BD4DA2242F9AD20052223F /* Post.swift */ = {isa = PBXFileReference; lastKnownFileType = sourcecode.swift; path = Post.swift; sourceTree = "<group>"; };
		45BD4DA4242F9E180052223F /* UserProfilePhotoCell.swift */ = {isa = PBXFileReference; lastKnownFileType = sourcecode.swift; path = UserProfilePhotoCell.swift; sourceTree = "<group>"; };
		45BD4DA6242FA7BA0052223F /* User.swift */ = {isa = PBXFileReference; lastKnownFileType = sourcecode.swift; path = User.swift; sourceTree = "<group>"; };
		45BD4DA8242FB42B0052223F /* CustomImageView.swift */ = {isa = PBXFileReference; lastKnownFileType = sourcecode.swift; path = CustomImageView.swift; sourceTree = "<group>"; };
		45D6F4C8242E4D8F00893585 /* SharePhotoController.swift */ = {isa = PBXFileReference; lastKnownFileType = sourcecode.swift; path = SharePhotoController.swift; sourceTree = "<group>"; };
		45DD35522445270600703104 /* CameraController.swift */ = {isa = PBXFileReference; lastKnownFileType = sourcecode.swift; path = CameraController.swift; sourceTree = "<group>"; };
		45E498352446C6B3006D89FB /* Comment.swift */ = {isa = PBXFileReference; lastKnownFileType = sourcecode.swift; path = Comment.swift; sourceTree = "<group>"; };
		6EA58177D27A47494A531308 /* libPods-lbta-instagram-firebase.a */ = {isa = PBXFileReference; explicitFileType = archive.ar; includeInIndex = 0; path = "libPods-lbta-instagram-firebase.a"; sourceTree = BUILT_PRODUCTS_DIR; };
		AC45A3F6D8A3D5AF631DAAAD /* Pods-lbta-instagram-firebase.debug.xcconfig */ = {isa = PBXFileReference; includeInIndex = 1; lastKnownFileType = text.xcconfig; name = "Pods-lbta-instagram-firebase.debug.xcconfig"; path = "Target Support Files/Pods-lbta-instagram-firebase/Pods-lbta-instagram-firebase.debug.xcconfig"; sourceTree = "<group>"; };
		F3589FABB2452E16289A1909 /* Pods-lbta-instagram-firebase.release.xcconfig */ = {isa = PBXFileReference; includeInIndex = 1; lastKnownFileType = text.xcconfig; name = "Pods-lbta-instagram-firebase.release.xcconfig"; path = "Target Support Files/Pods-lbta-instagram-firebase/Pods-lbta-instagram-firebase.release.xcconfig"; sourceTree = "<group>"; };
/* End PBXFileReference section */

/* Begin PBXFrameworksBuildPhase section */
		45B5CEF42422795900C757EF /* Frameworks */ = {
			isa = PBXFrameworksBuildPhase;
			buildActionMask = 2147483647;
			files = (
				64394D2B3DB66B5FF920EDA3 /* libPods-lbta-instagram-firebase.a in Frameworks */,
			);
			runOnlyForDeploymentPostprocessing = 0;
		};
/* End PBXFrameworksBuildPhase section */

/* Begin PBXGroup section */
		4525E01024464CAA00A03A08 /* Comment */ = {
			isa = PBXGroup;
			children = (
				4525E0112446530700A03A08 /* CommentsController.swift */,
				4585BE232446B8AD00ECEB3C /* CommentCell.swift */,
			);
			path = Comment;
			sourceTree = "<group>";
		};
		452669ED2432756600CBF55A /* Home */ = {
			isa = PBXGroup;
			children = (
				452669EE2432757600CBF55A /* HomeController.swift */,
				452669F0243276A900CBF55A /* HomePostCell.swift */,
			);
			path = Home;
			sourceTree = "<group>";
		};
		45609D702434D70D00BF50C0 /* Search */ = {
			isa = PBXGroup;
			children = (
				45609D712434D73E00BF50C0 /* UserSearchController.swift */,
				45609D732434DAC900BF50C0 /* UserSearchCell.swift */,
			);
			path = Search;
			sourceTree = "<group>";
		};
		4595CD75242D0745001F1AAE /* AddPhoto */ = {
			isa = PBXGroup;
			children = (
				4595CD76242D075B001F1AAE /* PhotoSelectorController.swift */,
				4595CD78242D4492001F1AAE /* PhotoSelectorCell.swift */,
				4595CD7A242D4D03001F1AAE /* PhotoSelectorHeader.swift */,
				45D6F4C8242E4D8F00893585 /* SharePhotoController.swift */,
			);
			path = AddPhoto;
			sourceTree = "<group>";
		};
		459F086424253E6E007D403B /* UserProfile */ = {
			isa = PBXGroup;
			children = (
				459F08622425276A007D403B /* UserProfileController.swift */,
				459F086524253E85007D403B /* UserProfileHeader.swift */,
				45BD4DA4242F9E180052223F /* UserProfilePhotoCell.swift */,
			);
			path = UserProfile;
			sourceTree = "<group>";
		};
		45B2A7A6242960D800F072D1 /* Login */ = {
			isa = PBXGroup;
			children = (
				45B2A7A7242960E800F072D1 /* LoginController.swift */,
				45B5CF0E24227A8600C757EF /* SignUpController.swift */,
			);
			path = Login;
			sourceTree = "<group>";
		};
		45B5CEEE2422795900C757EF = {
			isa = PBXGroup;
			children = (
				45B5CEF92422795900C757EF /* lbta-instagram-firebase */,
				45B5CEF82422795900C757EF /* Products */,
				CC5556FDA67B4812EF1723BD /* Pods */,
				5D5C52CB7437183A73A6B5DB /* Frameworks */,
			);
			sourceTree = "<group>";
		};
		45B5CEF82422795900C757EF /* Products */ = {
			isa = PBXGroup;
			children = (
				45B5CEF72422795900C757EF /* InstaClone.app */,
			);
			name = Products;
			sourceTree = "<group>";
		};
		45B5CEF92422795900C757EF /* lbta-instagram-firebase */ = {
			isa = PBXGroup;
			children = (
				4525E01024464CAA00A03A08 /* Comment */,
				45DD3551244526F600703104 /* Camera */,
				45609D702434D70D00BF50C0 /* Search */,
				452669ED2432756600CBF55A /* Home */,
				45BD4DA1242F9AC30052223F /* Models */,
				4595CD75242D0745001F1AAE /* AddPhoto */,
				45B2A7A6242960D800F072D1 /* Login */,
				459F086424253E6E007D403B /* UserProfile */,
				45B5CF102422863900C757EF /* Utils */,
				45B5CEFA2422795900C757EF /* AppDelegate.swift */,
				45B5CEFC2422795900C757EF /* SceneDelegate.swift */,
				459F0860242526A2007D403B /* MainTabBarController.swift */,
				45B5CF002422795900C757EF /* Assets.xcassets */,
				45B5CF052422795900C757EF /* LaunchScreen.storyboard */,
				45B5CF082422795900C757EF /* Info.plist */,
				458C82BC2422C741008AD619 /* GoogleService-Info.plist */,
				45B5CF022422795900C757EF /* Preview Content */,
			);
			path = "lbta-instagram-firebase";
			sourceTree = "<group>";
		};
		45B5CF022422795900C757EF /* Preview Content */ = {
			isa = PBXGroup;
			children = (
				45B5CF032422795900C757EF /* Preview Assets.xcassets */,
			);
			path = "Preview Content";
			sourceTree = "<group>";
		};
		45B5CF102422863900C757EF /* Utils */ = {
			isa = PBXGroup;
			children = (
				45B5CF112422867900C757EF /* Extensions.swift */,
				45BD4DA8242FB42B0052223F /* CustomImageView.swift */,
			);
			path = Utils;
			sourceTree = "<group>";
		};
		45BD4DA1242F9AC30052223F /* Models */ = {
			isa = PBXGroup;
			children = (
				45BD4DA2242F9AD20052223F /* Post.swift */,
				45BD4DA6242FA7BA0052223F /* User.swift */,
				45E498352446C6B3006D89FB /* Comment.swift */,
			);
			path = Models;
			sourceTree = "<group>";
		};
		45DD3551244526F600703104 /* Camera */ = {
			isa = PBXGroup;
			children = (
				45DD35522445270600703104 /* CameraController.swift */,
				4551B1CC24461BC1004F21E7 /* PreviewPhotoContainerView.swift */,
				4551B1CE24463C98004F21E7 /* CustomAnimationPresenter.swift */,
				4525E00E2446482900A03A08 /* CustomAnimationDismisser.swift */,
			);
			path = Camera;
			sourceTree = "<group>";
		};
		5D5C52CB7437183A73A6B5DB /* Frameworks */ = {
			isa = PBXGroup;
			children = (
				6EA58177D27A47494A531308 /* libPods-lbta-instagram-firebase.a */,
			);
			name = Frameworks;
			sourceTree = "<group>";
		};
		CC5556FDA67B4812EF1723BD /* Pods */ = {
			isa = PBXGroup;
			children = (
				AC45A3F6D8A3D5AF631DAAAD /* Pods-lbta-instagram-firebase.debug.xcconfig */,
				F3589FABB2452E16289A1909 /* Pods-lbta-instagram-firebase.release.xcconfig */,
			);
			path = Pods;
			sourceTree = "<group>";
		};
/* End PBXGroup section */

/* Begin PBXNativeTarget section */
		45B5CEF62422795900C757EF /* lbta-instagram-firebase */ = {
			isa = PBXNativeTarget;
			buildConfigurationList = 45B5CF0B2422795900C757EF /* Build configuration list for PBXNativeTarget "lbta-instagram-firebase" */;
			buildPhases = (
				4B3EEDF206568C5A7774BFBC /* [CP] Check Pods Manifest.lock */,
				45B5CEF32422795900C757EF /* Sources */,
				45B5CEF42422795900C757EF /* Frameworks */,
				45B5CEF52422795900C757EF /* Resources */,
				AFCF3A4D74571094C3B1F5BD /* [CP] Copy Pods Resources */,
			);
			buildRules = (
			);
			dependencies = (
			);
			name = "lbta-instagram-firebase";
			productName = "lbta-instagram-firebase";
			productReference = 45B5CEF72422795900C757EF /* InstaClone.app */;
			productType = "com.apple.product-type.application";
		};
/* End PBXNativeTarget section */

/* Begin PBXProject section */
		45B5CEEF2422795900C757EF /* Project object */ = {
			isa = PBXProject;
			attributes = {
				LastSwiftUpdateCheck = 1130;
				LastUpgradeCheck = 1130;
				ORGANIZATIONNAME = robbiegay;
				TargetAttributes = {
					45B5CEF62422795900C757EF = {
						CreatedOnToolsVersion = 11.3.1;
					};
				};
			};
			buildConfigurationList = 45B5CEF22422795900C757EF /* Build configuration list for PBXProject "lbta-instagram-firebase" */;
			compatibilityVersion = "Xcode 9.3";
			developmentRegion = en;
			hasScannedForEncodings = 0;
			knownRegions = (
				en,
				Base,
			);
			mainGroup = 45B5CEEE2422795900C757EF;
			productRefGroup = 45B5CEF82422795900C757EF /* Products */;
			projectDirPath = "";
			projectRoot = "";
			targets = (
				45B5CEF62422795900C757EF /* lbta-instagram-firebase */,
			);
		};
/* End PBXProject section */

/* Begin PBXResourcesBuildPhase section */
		45B5CEF52422795900C757EF /* Resources */ = {
			isa = PBXResourcesBuildPhase;
			buildActionMask = 2147483647;
			files = (
				45B5CF072422795900C757EF /* LaunchScreen.storyboard in Resources */,
				458C82BD2422C741008AD619 /* GoogleService-Info.plist in Resources */,
				45B5CF042422795900C757EF /* Preview Assets.xcassets in Resources */,
				45B5CF012422795900C757EF /* Assets.xcassets in Resources */,
			);
			runOnlyForDeploymentPostprocessing = 0;
		};
/* End PBXResourcesBuildPhase section */

/* Begin PBXShellScriptBuildPhase section */
		4B3EEDF206568C5A7774BFBC /* [CP] Check Pods Manifest.lock */ = {
			isa = PBXShellScriptBuildPhase;
			buildActionMask = 2147483647;
			files = (
			);
			inputFileListPaths = (
			);
			inputPaths = (
				"${PODS_PODFILE_DIR_PATH}/Podfile.lock",
				"${PODS_ROOT}/Manifest.lock",
			);
			name = "[CP] Check Pods Manifest.lock";
			outputFileListPaths = (
			);
			outputPaths = (
				"$(DERIVED_FILE_DIR)/Pods-lbta-instagram-firebase-checkManifestLockResult.txt",
			);
			runOnlyForDeploymentPostprocessing = 0;
			shellPath = /bin/sh;
			shellScript = "diff \"${PODS_PODFILE_DIR_PATH}/Podfile.lock\" \"${PODS_ROOT}/Manifest.lock\" > /dev/null\nif [ $? != 0 ] ; then\n    # print error to STDERR\n    echo \"error: The sandbox is not in sync with the Podfile.lock. Run 'pod install' or update your CocoaPods installation.\" >&2\n    exit 1\nfi\n# This output is used by Xcode 'outputs' to avoid re-running this script phase.\necho \"SUCCESS\" > \"${SCRIPT_OUTPUT_FILE_0}\"\n";
			showEnvVarsInLog = 0;
		};
		AFCF3A4D74571094C3B1F5BD /* [CP] Copy Pods Resources */ = {
			isa = PBXShellScriptBuildPhase;
			buildActionMask = 2147483647;
			files = (
			);
			inputFileListPaths = (
				"${PODS_ROOT}/Target Support Files/Pods-lbta-instagram-firebase/Pods-lbta-instagram-firebase-resources-${CONFIGURATION}-input-files.xcfilelist",
			);
			name = "[CP] Copy Pods Resources";
			outputFileListPaths = (
				"${PODS_ROOT}/Target Support Files/Pods-lbta-instagram-firebase/Pods-lbta-instagram-firebase-resources-${CONFIGURATION}-output-files.xcfilelist",
			);
			runOnlyForDeploymentPostprocessing = 0;
			shellPath = /bin/sh;
			shellScript = "\"${PODS_ROOT}/Target Support Files/Pods-lbta-instagram-firebase/Pods-lbta-instagram-firebase-resources.sh\"\n";
			showEnvVarsInLog = 0;
		};
/* End PBXShellScriptBuildPhase section */

/* Begin PBXSourcesBuildPhase section */
		45B5CEF32422795900C757EF /* Sources */ = {
			isa = PBXSourcesBuildPhase;
			buildActionMask = 2147483647;
			files = (
				45609D742434DAC900BF50C0 /* UserSearchCell.swift in Sources */,
				45B5CEFB2422795900C757EF /* AppDelegate.swift in Sources */,
				459F086624253E85007D403B /* UserProfileHeader.swift in Sources */,
				45B5CEFD2422795900C757EF /* SceneDelegate.swift in Sources */,
				4595CD77242D075B001F1AAE /* PhotoSelectorController.swift in Sources */,
				459F08632425276A007D403B /* UserProfileController.swift in Sources */,
				4551B1CF24463C98004F21E7 /* CustomAnimationPresenter.swift in Sources */,
				45BD4DA3242F9AD20052223F /* Post.swift in Sources */,
				45609D722434D73E00BF50C0 /* UserSearchController.swift in Sources */,
				459F0861242526A2007D403B /* MainTabBarController.swift in Sources */,
				45DD35532445270600703104 /* CameraController.swift in Sources */,
				452669F1243276A900CBF55A /* HomePostCell.swift in Sources */,
				45D6F4C9242E4D8F00893585 /* SharePhotoController.swift in Sources */,
				4585BE242446B8AD00ECEB3C /* CommentCell.swift in Sources */,
				452669EF2432757600CBF55A /* HomeController.swift in Sources */,
				45BD4DA7242FA7BA0052223F /* User.swift in Sources */,
				4525E00F2446482900A03A08 /* CustomAnimationDismisser.swift in Sources */,
				45BD4DA9242FB42B0052223F /* CustomImageView.swift in Sources */,
				4595CD7B242D4D03001F1AAE /* PhotoSelectorHeader.swift in Sources */,
				4551B1CD24461BC1004F21E7 /* PreviewPhotoContainerView.swift in Sources */,
				45B2A7A8242960E800F072D1 /* LoginController.swift in Sources */,
				45B5CF0F24227A8600C757EF /* SignUpController.swift in Sources */,
				45BD4DA5242F9E180052223F /* UserProfilePhotoCell.swift in Sources */,
				4525E0122446530700A03A08 /* CommentsController.swift in Sources */,
				45B5CF122422867900C757EF /* Extensions.swift in Sources */,
				45E498362446C6B3006D89FB /* Comment.swift in Sources */,
				4595CD79242D4492001F1AAE /* PhotoSelectorCell.swift in Sources */,
			);
			runOnlyForDeploymentPostprocessing = 0;
		};
/* End PBXSourcesBuildPhase section */

/* Begin PBXVariantGroup section */
		45B5CF052422795900C757EF /* LaunchScreen.storyboard */ = {
			isa = PBXVariantGroup;
			children = (
				45B5CF062422795900C757EF /* Base */,
			);
			name = LaunchScreen.storyboard;
			sourceTree = "<group>";
		};
/* End PBXVariantGroup section */

/* Begin XCBuildConfiguration section */
		45B5CF092422795900C757EF /* Debug */ = {
			isa = XCBuildConfiguration;
			buildSettings = {
				ALWAYS_SEARCH_USER_PATHS = NO;
				CLANG_ANALYZER_NONNULL = YES;
				CLANG_ANALYZER_NUMBER_OBJECT_CONVERSION = YES_AGGRESSIVE;
				CLANG_CXX_LANGUAGE_STANDARD = "gnu++14";
				CLANG_CXX_LIBRARY = "libc++";
				CLANG_ENABLE_MODULES = YES;
				CLANG_ENABLE_OBJC_ARC = YES;
				CLANG_ENABLE_OBJC_WEAK = YES;
				CLANG_WARN_BLOCK_CAPTURE_AUTORELEASING = YES;
				CLANG_WARN_BOOL_CONVERSION = YES;
				CLANG_WARN_COMMA = YES;
				CLANG_WARN_CONSTANT_CONVERSION = YES;
				CLANG_WARN_DEPRECATED_OBJC_IMPLEMENTATIONS = YES;
				CLANG_WARN_DIRECT_OBJC_ISA_USAGE = YES_ERROR;
				CLANG_WARN_DOCUMENTATION_COMMENTS = YES;
				CLANG_WARN_EMPTY_BODY = YES;
				CLANG_WARN_ENUM_CONVERSION = YES;
				CLANG_WARN_INFINITE_RECURSION = YES;
				CLANG_WARN_INT_CONVERSION = YES;
				CLANG_WARN_NON_LITERAL_NULL_CONVERSION = YES;
				CLANG_WARN_OBJC_IMPLICIT_RETAIN_SELF = YES;
				CLANG_WARN_OBJC_LITERAL_CONVERSION = YES;
				CLANG_WARN_OBJC_ROOT_CLASS = YES_ERROR;
				CLANG_WARN_RANGE_LOOP_ANALYSIS = YES;
				CLANG_WARN_STRICT_PROTOTYPES = YES;
				CLANG_WARN_SUSPICIOUS_MOVE = YES;
				CLANG_WARN_UNGUARDED_AVAILABILITY = YES_AGGRESSIVE;
				CLANG_WARN_UNREACHABLE_CODE = YES;
				CLANG_WARN__DUPLICATE_METHOD_MATCH = YES;
				COPY_PHASE_STRIP = NO;
				DEBUG_INFORMATION_FORMAT = dwarf;
				ENABLE_STRICT_OBJC_MSGSEND = YES;
				ENABLE_TESTABILITY = YES;
				GCC_C_LANGUAGE_STANDARD = gnu11;
				GCC_DYNAMIC_NO_PIC = NO;
				GCC_NO_COMMON_BLOCKS = YES;
				GCC_OPTIMIZATION_LEVEL = 0;
				GCC_PREPROCESSOR_DEFINITIONS = (
					"DEBUG=1",
					"$(inherited)",
				);
				GCC_WARN_64_TO_32_BIT_CONVERSION = YES;
				GCC_WARN_ABOUT_RETURN_TYPE = YES_ERROR;
				GCC_WARN_UNDECLARED_SELECTOR = YES;
				GCC_WARN_UNINITIALIZED_AUTOS = YES_AGGRESSIVE;
				GCC_WARN_UNUSED_FUNCTION = YES;
				GCC_WARN_UNUSED_VARIABLE = YES;
				IPHONEOS_DEPLOYMENT_TARGET = 13.2;
				MTL_ENABLE_DEBUG_INFO = INCLUDE_SOURCE;
				MTL_FAST_MATH = YES;
				ONLY_ACTIVE_ARCH = YES;
				SDKROOT = iphoneos;
				SWIFT_ACTIVE_COMPILATION_CONDITIONS = DEBUG;
				SWIFT_OPTIMIZATION_LEVEL = "-Onone";
			};
			name = Debug;
		};
		45B5CF0A2422795900C757EF /* Release */ = {
			isa = XCBuildConfiguration;
			buildSettings = {
				ALWAYS_SEARCH_USER_PATHS = NO;
				CLANG_ANALYZER_NONNULL = YES;
				CLANG_ANALYZER_NUMBER_OBJECT_CONVERSION = YES_AGGRESSIVE;
				CLANG_CXX_LANGUAGE_STANDARD = "gnu++14";
				CLANG_CXX_LIBRARY = "libc++";
				CLANG_ENABLE_MODULES = YES;
				CLANG_ENABLE_OBJC_ARC = YES;
				CLANG_ENABLE_OBJC_WEAK = YES;
				CLANG_WARN_BLOCK_CAPTURE_AUTORELEASING = YES;
				CLANG_WARN_BOOL_CONVERSION = YES;
				CLANG_WARN_COMMA = YES;
				CLANG_WARN_CONSTANT_CONVERSION = YES;
				CLANG_WARN_DEPRECATED_OBJC_IMPLEMENTATIONS = YES;
				CLANG_WARN_DIRECT_OBJC_ISA_USAGE = YES_ERROR;
				CLANG_WARN_DOCUMENTATION_COMMENTS = YES;
				CLANG_WARN_EMPTY_BODY = YES;
				CLANG_WARN_ENUM_CONVERSION = YES;
				CLANG_WARN_INFINITE_RECURSION = YES;
				CLANG_WARN_INT_CONVERSION = YES;
				CLANG_WARN_NON_LITERAL_NULL_CONVERSION = YES;
				CLANG_WARN_OBJC_IMPLICIT_RETAIN_SELF = YES;
				CLANG_WARN_OBJC_LITERAL_CONVERSION = YES;
				CLANG_WARN_OBJC_ROOT_CLASS = YES_ERROR;
				CLANG_WARN_RANGE_LOOP_ANALYSIS = YES;
				CLANG_WARN_STRICT_PROTOTYPES = YES;
				CLANG_WARN_SUSPICIOUS_MOVE = YES;
				CLANG_WARN_UNGUARDED_AVAILABILITY = YES_AGGRESSIVE;
				CLANG_WARN_UNREACHABLE_CODE = YES;
				CLANG_WARN__DUPLICATE_METHOD_MATCH = YES;
				COPY_PHASE_STRIP = NO;
				DEBUG_INFORMATION_FORMAT = "dwarf-with-dsym";
				ENABLE_NS_ASSERTIONS = NO;
				ENABLE_STRICT_OBJC_MSGSEND = YES;
				GCC_C_LANGUAGE_STANDARD = gnu11;
				GCC_NO_COMMON_BLOCKS = YES;
				GCC_WARN_64_TO_32_BIT_CONVERSION = YES;
				GCC_WARN_ABOUT_RETURN_TYPE = YES_ERROR;
				GCC_WARN_UNDECLARED_SELECTOR = YES;
				GCC_WARN_UNINITIALIZED_AUTOS = YES_AGGRESSIVE;
				GCC_WARN_UNUSED_FUNCTION = YES;
				GCC_WARN_UNUSED_VARIABLE = YES;
				IPHONEOS_DEPLOYMENT_TARGET = 13.2;
				MTL_ENABLE_DEBUG_INFO = NO;
				MTL_FAST_MATH = YES;
				SDKROOT = iphoneos;
				SWIFT_COMPILATION_MODE = wholemodule;
				SWIFT_OPTIMIZATION_LEVEL = "-O";
				VALIDATE_PRODUCT = YES;
			};
			name = Release;
		};
		45B5CF0C2422795900C757EF /* Debug */ = {
			isa = XCBuildConfiguration;
			baseConfigurationReference = AC45A3F6D8A3D5AF631DAAAD /* Pods-lbta-instagram-firebase.debug.xcconfig */;
			buildSettings = {
				ASSETCATALOG_COMPILER_APPICON_NAME = AppIcon;
				CODE_SIGN_STYLE = Automatic;
				DEVELOPMENT_ASSET_PATHS = "\"lbta-instagram-firebase/Preview Content\"";
				DEVELOPMENT_TEAM = 54YR42Q56C;
				ENABLE_PREVIEWS = YES;
				INFOPLIST_FILE = "lbta-instagram-firebase/Info.plist";
				LD_RUNPATH_SEARCH_PATHS = (
					"$(inherited)",
					"@executable_path/Frameworks",
				);
				PRODUCT_BUNDLE_IDENTIFIER = "com.robbiegay.lbta-instagram-firebase";
				PRODUCT_NAME = InstaClone;
				SWIFT_VERSION = 5.0;
				TARGETED_DEVICE_FAMILY = "1,2";
			};
			name = Debug;
		};
		45B5CF0D2422795900C757EF /* Release */ = {
			isa = XCBuildConfiguration;
			baseConfigurationReference = F3589FABB2452E16289A1909 /* Pods-lbta-instagram-firebase.release.xcconfig */;
			buildSettings = {
				ASSETCATALOG_COMPILER_APPICON_NAME = AppIcon;
				CODE_SIGN_STYLE = Automatic;
				DEVELOPMENT_ASSET_PATHS = "\"lbta-instagram-firebase/Preview Content\"";
				DEVELOPMENT_TEAM = 54YR42Q56C;
				ENABLE_PREVIEWS = YES;
				INFOPLIST_FILE = "lbta-instagram-firebase/Info.plist";
				LD_RUNPATH_SEARCH_PATHS = (
					"$(inherited)",
					"@executable_path/Frameworks",
				);
				PRODUCT_BUNDLE_IDENTIFIER = "com.robbiegay.lbta-instagram-firebase";
				PRODUCT_NAME = InstaClone;
				SWIFT_VERSION = 5.0;
				TARGETED_DEVICE_FAMILY = "1,2";
			};
			name = Release;
		};
/* End XCBuildConfiguration section */

/* Begin XCConfigurationList section */
		45B5CEF22422795900C757EF /* Build configuration list for PBXProject "lbta-instagram-firebase" */ = {
			isa = XCConfigurationList;
			buildConfigurations = (
				45B5CF092422795900C757EF /* Debug */,
				45B5CF0A2422795900C757EF /* Release */,
			);
			defaultConfigurationIsVisible = 0;
			defaultConfigurationName = Release;
		};
		45B5CF0B2422795900C757EF /* Build configuration list for PBXNativeTarget "lbta-instagram-firebase" */ = {
			isa = XCConfigurationList;
			buildConfigurations = (
				45B5CF0C2422795900C757EF /* Debug */,
				45B5CF0D2422795900C757EF /* Release */,
			);
			defaultConfigurationIsVisible = 0;
			defaultConfigurationName = Release;
		};
/* End XCConfigurationList section */
	};
	rootObject = 45B5CEEF2422795900C757EF /* Project object */;
}
